
Microsoft Visual Studio Solution File, Format Version 12.00
# Visual Studio 15
VisualStudioVersion = 15.0.28307.1169
MinimumVisualStudioVersion = 10.0.40219.1
Project("{FAE04EC0-301F-11D3-BF4B-00C04F79EFBC}") = "WanWebLib", "WanWebLib\WanWebLib.csproj", "{CCA94551-2088-4A2E-A246-026C9A4C61F1}"
EndProject
Global
	GlobalSection(SolutionConfigurationPlatforms) = preSolution
		Debug|Any CPU = Debug|Any CPU
		Release|Any CPU = Release|Any CPU
	EndGlobalSection
	GlobalSection(ProjectConfigurationPlatforms) = postSolution
		{CCA94551-2088-4A2E-A246-026C9A4C61F1}.Debug|Any CPU.ActiveCfg = Debug|Any CPU
		{CCA94551-2088-4A2E-A246-026C9A4C61F1}.Debug|Any CPU.Build.0 = Debug|Any CPU
		{CCA94551-2088-4A2E-A246-026C9A4C61F1}.Release|Any CPU.ActiveCfg = Release|Any CPU
		{CCA94551-2088-4A2E-A246-026C9A4C61F1}.Release|Any CPU.Build.0 = Release|Any CPU
	EndGlobalSection
	GlobalSection(SolutionProperties) = preSolution
		HideSolutionNode = FALSE
	EndGlobalSection
	GlobalSection(ExtensibilityGlobals) = postSolution
		SolutionGuid = {CC3E3462-478D-44FB-8ACF-5B7978A8169B}
	EndGlobalSection
EndGlobal
